
Microsoft Visual Studio Solution File, Format Version 12.00
# Visual Studio Version 16
VisualStudioVersion = 16.0.30204.135
MinimumVisualStudioVersion = 10.0.40219.1
Project("{FAE04EC0-301F-11D3-BF4B-00C04F79EFBC}") = "Factory_Pattern", "Factory_Pattern\Factory_Pattern.csproj", "{975397D0-6170-4896-A8A4-98DC186C777F}"
EndProject
Global
	GlobalSection(SolutionConfigurationPlatforms) = preSolution
		Debug|Any CPU = Debug|Any CPU
		Release|Any CPU = Release|Any CPU
	EndGlobalSection
	GlobalSection(ProjectConfigurationPlatforms) = postSolution
		{975397D0-6170-4896-A8A4-98DC186C777F}.Debug|Any CPU.ActiveCfg = Debug|Any CPU
		{975397D0-6170-4896-A8A4-98DC186C777F}.Debug|Any CPU.Build.0 = Debug|Any CPU
		{975397D0-6170-4896-A8A4-98DC186C777F}.Release|Any CPU.ActiveCfg = Release|Any CPU
		{975397D0-6170-4896-A8A4-98DC186C777F}.Release|Any CPU.Build.0 = Release|Any CPU
	EndGlobalSection
	GlobalSection(SolutionProperties) = preSolution
		HideSolutionNode = FALSE
	EndGlobalSection
	GlobalSection(ExtensibilityGlobals) = postSolution
		SolutionGuid = {B84C0FB1-4B1B-4144-8B55-32DE1971F093}
	EndGlobalSection
EndGlobal
