
Microsoft Visual Studio Solution File, Format Version 12.00
# Visual Studio Version 16
VisualStudioVersion = 16.0.30204.135
MinimumVisualStudioVersion = 10.0.40219.1
Project("{FAE04EC0-301F-11D3-BF4B-00C04F79EFBC}") = "AbstractFactory_Pattern", "AbstractFactory_Pattern\AbstractFactory_Pattern.csproj", "{EFE55D30-20CD-449B-AD16-8465A0668089}"
EndProject
Global
	GlobalSection(SolutionConfigurationPlatforms) = preSolution
		Debug|Any CPU = Debug|Any CPU
		Release|Any CPU = Release|Any CPU
	EndGlobalSection
	GlobalSection(ProjectConfigurationPlatforms) = postSolution
		{EFE55D30-20CD-449B-AD16-8465A0668089}.Debug|Any CPU.ActiveCfg = Debug|Any CPU
		{EFE55D30-20CD-449B-AD16-8465A0668089}.Debug|Any CPU.Build.0 = Debug|Any CPU
		{EFE55D30-20CD-449B-AD16-8465A0668089}.Release|Any CPU.ActiveCfg = Release|Any CPU
		{EFE55D30-20CD-449B-AD16-8465A0668089}.Release|Any CPU.Build.0 = Release|Any CPU
	EndGlobalSection
	GlobalSection(SolutionProperties) = preSolution
		HideSolutionNode = FALSE
	EndGlobalSection
	GlobalSection(ExtensibilityGlobals) = postSolution
		SolutionGuid = {6DDBBA6A-798E-4FB7-B4F2-AEA89A9B5CCD}
	EndGlobalSection
EndGlobal
